
Microsoft Visual Studio Solution File, Format Version 12.00
# Visual Studio Version 16
VisualStudioVersion = 16.0.30523.141
MinimumVisualStudioVersion = 10.0.40219.1
Project("{FAE04EC0-301F-11D3-BF4B-00C04F79EFBC}") = "xadrez-console", "xadrez-console\xadrez-console.csproj", "{4908F7B5-BEDD-477C-8329-BFB65FD28E08}"
EndProject
Global
	GlobalSection(SolutionConfigurationPlatforms) = preSolution
		Debug|Any CPU = Debug|Any CPU
		Release|Any CPU = Release|Any CPU
	EndGlobalSection
	GlobalSection(ProjectConfigurationPlatforms) = postSolution
		{4908F7B5-BEDD-477C-8329-BFB65FD28E08}.Debug|Any CPU.ActiveCfg = Debug|Any CPU
		{4908F7B5-BEDD-477C-8329-BFB65FD28E08}.Debug|Any CPU.Build.0 = Debug|Any CPU
		{4908F7B5-BEDD-477C-8329-BFB65FD28E08}.Release|Any CPU.ActiveCfg = Release|Any CPU
		{4908F7B5-BEDD-477C-8329-BFB65FD28E08}.Release|Any CPU.Build.0 = Release|Any CPU
	EndGlobalSection
	GlobalSection(SolutionProperties) = preSolution
		HideSolutionNode = FALSE
	EndGlobalSection
	GlobalSection(ExtensibilityGlobals) = postSolution
		SolutionGuid = {3B81A3B3-A829-493E-A087-042F752F3BA6}
	EndGlobalSection
EndGlobal
